
Microsoft Visual Studio Solution File, Format Version 12.00
# Visual Studio 2013
VisualStudioVersion = 12.0.31101.0
MinimumVisualStudioVersion = 10.0.40219.1
Project("{FAE04EC0-301F-11D3-BF4B-00C04F79EFBC}") = "CodeWordOccurrance", "CodeWordOccurrance\CodeWordOccurrance.csproj", "{02F4CC33-EA78-447E-865B-B1C54F5073D8}"
EndProject
Project("{FAE04EC0-301F-11D3-BF4B-00C04F79EFBC}") = "Library", "Library\Library.csproj", "{69317F82-8FB5-4349-92E8-8EE3C6992D80}"
EndProject
Project("{FAE04EC0-301F-11D3-BF4B-00C04F79EFBC}") = "LinesOfCode", "LinesOfCode\LinesOfCode.csproj", "{B5679700-C579-4B74-AE69-DE823628B3CD}"
EndProject
Project("{FAE04EC0-301F-11D3-BF4B-00C04F79EFBC}") = "UnitTest", "UnitTest\UnitTest.csproj", "{40CD87BE-3EC6-4EAF-ADC9-28A1A4519500}"
EndProject
Global
	GlobalSection(SolutionConfigurationPlatforms) = preSolution
		Debug|Any CPU = Debug|Any CPU
		Release|Any CPU = Release|Any CPU
	EndGlobalSection
	GlobalSection(ProjectConfigurationPlatforms) = postSolution
		{02F4CC33-EA78-447E-865B-B1C54F5073D8}.Debug|Any CPU.ActiveCfg = Debug|Any CPU
		{02F4CC33-EA78-447E-865B-B1C54F5073D8}.Debug|Any CPU.Build.0 = Debug|Any CPU
		{02F4CC33-EA78-447E-865B-B1C54F5073D8}.Release|Any CPU.ActiveCfg = Release|Any CPU
		{02F4CC33-EA78-447E-865B-B1C54F5073D8}.Release|Any CPU.Build.0 = Release|Any CPU
		{69317F82-8FB5-4349-92E8-8EE3C6992D80}.Debug|Any CPU.ActiveCfg = Debug|Any CPU
		{69317F82-8FB5-4349-92E8-8EE3C6992D80}.Debug|Any CPU.Build.0 = Debug|Any CPU
		{69317F82-8FB5-4349-92E8-8EE3C6992D80}.Release|Any CPU.ActiveCfg = Release|Any CPU
		{69317F82-8FB5-4349-92E8-8EE3C6992D80}.Release|Any CPU.Build.0 = Release|Any CPU
		{B5679700-C579-4B74-AE69-DE823628B3CD}.Debug|Any CPU.ActiveCfg = Debug|Any CPU
		{B5679700-C579-4B74-AE69-DE823628B3CD}.Debug|Any CPU.Build.0 = Debug|Any CPU
		{B5679700-C579-4B74-AE69-DE823628B3CD}.Release|Any CPU.ActiveCfg = Release|Any CPU
		{B5679700-C579-4B74-AE69-DE823628B3CD}.Release|Any CPU.Build.0 = Release|Any CPU
		{40CD87BE-3EC6-4EAF-ADC9-28A1A4519500}.Debug|Any CPU.ActiveCfg = Debug|Any CPU
		{40CD87BE-3EC6-4EAF-ADC9-28A1A4519500}.Debug|Any CPU.Build.0 = Debug|Any CPU
		{40CD87BE-3EC6-4EAF-ADC9-28A1A4519500}.Release|Any CPU.ActiveCfg = Release|Any CPU
		{40CD87BE-3EC6-4EAF-ADC9-28A1A4519500}.Release|Any CPU.Build.0 = Release|Any CPU
	EndGlobalSection
	GlobalSection(SolutionProperties) = preSolution
		HideSolutionNode = FALSE
	EndGlobalSection
EndGlobal
